<?xml version="1.0" encoding="utf-8"?>
<Project ToolsVersion="4.0" xmlns="http://schemas.microsoft.com/developer/msbuild/2003">
  <ItemGroup>
    <Filter Include="application">
      <UniqueIdentifier>{045ce1ba-4b40-4b81-852d-b46d8ecf94c7}</UniqueIdentifier>
    </Filter>
    <Filter Include="domain">
      <UniqueIdentifier>{bc48d4de-3449-4855-b052-8b367ac5f4c5}</UniqueIdentifier>
    </Filter>
    <Filter Include="data">
      <UniqueIdentifier>{648d4133-31f1-412f-8780-c20d8967c112}</UniqueIdentifier>
    </Filter>
    <Filter Include="presentation">
      <UniqueIdentifier>{d74b7777-ab6b-4ff7-84cc-0a215f6eaf99}</UniqueIdentifier>
    </Filter>
    <Filter Include="domain\Volunteer">
      <UniqueIdentifier>{53a6fdb6-97a0-42d0-bb2f-b340fc4a939a}</UniqueIdentifier>
    <Filter Include="domain\models">
      <UniqueIdentifier>{7b60ee45-66da-4b77-9ed5-5b182fb8f1ac}</UniqueIdentifier>
    </Filter>
    <Filter Include="domain\models\account">
      <UniqueIdentifier>{a711c307-a388-4332-98aa-ce2ae7ee1531}</UniqueIdentifier>
      <UniqueIdentifier>{2c91226e-27bb-4db1-a83e-d8ea79effea8}</UniqueIdentifier>
    </Filter>
    <Filter Include="domain\models\person">
      <UniqueIdentifier>{cbe5d42c-7dec-4bd5-86b7-e6af99203151}</UniqueIdentifier>
      <UniqueIdentifier>{e20d6181-80e5-4d17-aba9-93da25298f8d}</UniqueIdentifier>
    </Filter>
    <Filter Include="domain\models\client">
      <UniqueIdentifier>{f8a59bc0-937a-47b1-87ae-fc84353cff93}</UniqueIdentifier>
    </Filter>
  </ItemGroup>
  <ItemGroup>
    <ClInclude Include="library.h">
      <Filter>application</Filter>
    </ClInclude>
    <ClInclude Include="domain\models\account\account.h">
      <Filter>domain\models\account</Filter>
    <ClInclude Include="domain\models\person\person.h">
      <Filter>domain\models\person</Filter>
    <ClInclude Include="domain\models\volunteer\volunteer.h">
      <Filter>domain\Volunteer</Filter>
    <ClInclude Include="client.h">
      <Filter>domain\models\client</Filter>
    </ClInclude>
  </ItemGroup>
  <ItemGroup>
    <ClCompile Include="application\main.cpp">
      <Filter>application</Filter>
    </ClCompile>
    <ClCompile Include="domain\models\account\account.cpp">
      <Filter>domain\models\account</Filter>
    <ClCompile Include="domain\models\person\person.cpp">
      <Filter>domain\models\person</Filter>
    <ClCompile Include="domain\models\volunteer\volunteer.cpp">
      <Filter>domain\Volunteer</Filter>
    <ClCompile Include="client.cpp">
      <Filter>domain\models\client</Filter>
    </ClCompile>
  </ItemGroup>
</Project>