<?xml version="1.0" encoding="utf-8"?>
<Project ToolsVersion="4.0" xmlns="http://schemas.microsoft.com/developer/msbuild/2003">
  <ItemGroup>
    <Filter Include="application">
      <UniqueIdentifier>{045ce1ba-4b40-4b81-852d-b46d8ecf94c7}</UniqueIdentifier>
    </Filter>
    <Filter Include="domain">
      <UniqueIdentifier>{bc48d4de-3449-4855-b052-8b367ac5f4c5}</UniqueIdentifier>
    </Filter>
    <Filter Include="data">
      <UniqueIdentifier>{648d4133-31f1-412f-8780-c20d8967c112}</UniqueIdentifier>
    </Filter>
    <Filter Include="presentation">
      <UniqueIdentifier>{d74b7777-ab6b-4ff7-84cc-0a215f6eaf99}</UniqueIdentifier>
    </Filter>
    <Filter Include="domain\Volunteer">
      <UniqueIdentifier>{53a6fdb6-97a0-42d0-bb2f-b340fc4a939a}</UniqueIdentifier>
    </Filter>
  </ItemGroup>
  <ItemGroup>
    <ClInclude Include="library.h">
      <Filter>application</Filter>
    </ClInclude>
    <ClInclude Include="domain\models\volunteer\volunteer.h">
      <Filter>domain\Volunteer</Filter>
    </ClInclude>
  </ItemGroup>
  <ItemGroup>
    <ClCompile Include="application\main.cpp">
      <Filter>application</Filter>
    </ClCompile>
    <ClCompile Include="domain\models\volunteer\volunteer.cpp">
      <Filter>domain\Volunteer</Filter>
    </ClCompile>
  </ItemGroup>
</Project>